
Microsoft Visual Studio Solution File, Format Version 12.00
# Visual Studio Version 17
VisualStudioVersion = 17.6.33829.357
MinimumVisualStudioVersion = 10.0.40219.1
Project("{8BC9CEB8-8B4A-11D0-8D11-00A0C91BC942}") = "libUpGun", "libUpGun.vcxproj", "{5F103983-F93F-47E0-AF94-9309FC525D17}"
EndProject
Project("{8BC9CEB8-8B4A-11D0-8D11-00A0C91BC942}") = "Tests", "..\Tests\Tests.vcxproj", "{E9E163C5-413E-4609-912B-CD18968E1DAC}"
EndProject
Global
	GlobalSection(SolutionConfigurationPlatforms) = preSolution
		Debug|x64 = Debug|x64
		Debug|x86 = Debug|x86
		Release|x64 = Release|x64
		Release|x86 = Release|x86
	EndGlobalSection
	GlobalSection(ProjectConfigurationPlatforms) = postSolution
		{5F103983-F93F-47E0-AF94-9309FC525D17}.Debug|x64.ActiveCfg = Debug|x64
		{5F103983-F93F-47E0-AF94-9309FC525D17}.Debug|x64.Build.0 = Debug|x64
		{5F103983-F93F-47E0-AF94-9309FC525D17}.Debug|x86.ActiveCfg = Debug|Win32
		{5F103983-F93F-47E0-AF94-9309FC525D17}.Debug|x86.Build.0 = Debug|Win32
		{5F103983-F93F-47E0-AF94-9309FC525D17}.Release|x64.ActiveCfg = Release|x64
		{5F103983-F93F-47E0-AF94-9309FC525D17}.Release|x64.Build.0 = Release|x64
		{5F103983-F93F-47E0-AF94-9309FC525D17}.Release|x86.ActiveCfg = Release|Win32
		{5F103983-F93F-47E0-AF94-9309FC525D17}.Release|x86.Build.0 = Release|Win32
		{E9E163C5-413E-4609-912B-CD18968E1DAC}.Debug|x64.ActiveCfg = Debug|x64
		{E9E163C5-413E-4609-912B-CD18968E1DAC}.Debug|x64.Build.0 = Debug|x64
		{E9E163C5-413E-4609-912B-CD18968E1DAC}.Debug|x86.ActiveCfg = Debug|Win32
		{E9E163C5-413E-4609-912B-CD18968E1DAC}.Debug|x86.Build.0 = Debug|Win32
		{E9E163C5-413E-4609-912B-CD18968E1DAC}.Release|x64.ActiveCfg = Release|x64
		{E9E163C5-413E-4609-912B-CD18968E1DAC}.Release|x64.Build.0 = Release|x64
		{E9E163C5-413E-4609-912B-CD18968E1DAC}.Release|x86.ActiveCfg = Release|Win32
		{E9E163C5-413E-4609-912B-CD18968E1DAC}.Release|x86.Build.0 = Release|Win32
	EndGlobalSection
	GlobalSection(SolutionProperties) = preSolution
		HideSolutionNode = FALSE
	EndGlobalSection
	GlobalSection(ExtensibilityGlobals) = postSolution
		SolutionGuid = {4B3646FE-DCB9-47AE-8F1F-CEB62C8777A3}
	EndGlobalSection
EndGlobal
